{
  "name": "cluster",
  "lockfileVersion": 2,
  "requires": true,
  "packages": {
    "": {
      "dependencies": {
        "kardia": "^0.14.0"
      }
    },
    "node_modules/kardia": {
      "version": "0.14.0",
      "resolved": "https://mirrors.tencent.com/npm/kardia/-/kardia-0.14.0.tgz",
      "integrity": "sha512-PMCzyCmFDoYGaS/+tH1ilKpPBCBAXQ6nQmGUjgTue8JV3pt0hdTvjI7O+ZPR1lwY4ccB8chMdV0XRF4edPxKrA==",
      "license": "MIT",
      "engines": {
        "node": ">=6.0"
      }
    }
  },
  "dependencies": {
    "kardia": {
      "version": "0.14.0",
      "resolved": "https://mirrors.tencent.com/npm/kardia/-/kardia-0.14.0.tgz",
      "integrity": "sha512-PMCzyCmFDoYGaS/+tH1ilKpPBCBAXQ6nQmGUjgTue8JV3pt0hdTvjI7O+ZPR1lwY4ccB8chMdV0XRF4edPxKrA=="
    }
  }
}
